
Microsoft Visual Studio Solution File, Format Version 12.00
# Visual Studio Version 17
VisualStudioVersion = 17.13.35931.197 d17.13
MinimumVisualStudioVersion = 10.0.40219.1
Project("{FAE04EC0-301F-11D3-BF4B-00C04F79EFBC}") = "MusicPlayer", "MusicPlayer\MusicPlayer.csproj", "{2AB4F5ED-8BED-4E83-9B90-B8A3FB809ACB}"
EndProject
Global
	GlobalSection(SolutionConfigurationPlatforms) = preSolution
		Debug|Any CPU = Debug|Any CPU
		Release|Any CPU = Release|Any CPU
	EndGlobalSection
	GlobalSection(ProjectConfigurationPlatforms) = postSolution
		{2AB4F5ED-8BED-4E83-9B90-B8A3FB809ACB}.Debug|Any CPU.ActiveCfg = Debug|Any CPU
		{2AB4F5ED-8BED-4E83-9B90-B8A3FB809ACB}.Debug|Any CPU.Build.0 = Debug|Any CPU
		{2AB4F5ED-8BED-4E83-9B90-B8A3FB809ACB}.Release|Any CPU.ActiveCfg = Release|Any CPU
		{2AB4F5ED-8BED-4E83-9B90-B8A3FB809ACB}.Release|Any CPU.Build.0 = Release|Any CPU
	EndGlobalSection
	GlobalSection(SolutionProperties) = preSolution
		HideSolutionNode = FALSE
	EndGlobalSection
	GlobalSection(ExtensibilityGlobals) = postSolution
		SolutionGuid = {F967EA64-6C09-4344-9DCE-6C19FC8E00F1}
	EndGlobalSection
EndGlobal
